
Microsoft Visual Studio Solution File, Format Version 12.00
# Visual Studio 2013
VisualStudioVersion = 12.0.21005.1
MinimumVisualStudioVersion = 10.0.40219.1
Project("{FAE04EC0-301F-11D3-BF4B-00C04F79EFBC}") = "Translations", "Translations\Translations.csproj", "{A9E1D7EE-BE7D-4917-AAE8-51B014644AE3}"
EndProject
Project("{FAE04EC0-301F-11D3-BF4B-00C04F79EFBC}") = "Dal", "DAL\Dal.csproj", "{74F2BB46-D036-4852-A9F1-82F09F1C93DE}"
EndProject
Project("{FAE04EC0-301F-11D3-BF4B-00C04F79EFBC}") = "Bll", "Bll\Bll.csproj", "{66F42244-B2DC-4294-A81F-1B82B89C89C9}"
EndProject
Project("{FAE04EC0-301F-11D3-BF4B-00C04F79EFBC}") = "ResxFileGenerator", "ResxFileGenerator\ResxFileGenerator.csproj", "{28459B6B-9896-48FB-814B-92678AE1E469}"
EndProject
Project("{FAE04EC0-301F-11D3-BF4B-00C04F79EFBC}") = "NewKeyEmails", "NewKeyEmails\NewKeyEmails.csproj", "{C563809B-08E6-4E4B-85F8-668CC33F0439}"
EndProject
Project("{FAE04EC0-301F-11D3-BF4B-00C04F79EFBC}") = "Utility", "Utility\Utility.csproj", "{765A5D64-DE94-4DDB-91EE-97D231F24BEF}"
EndProject
Global
	GlobalSection(TeamFoundationVersionControl) = preSolution
		SccNumberOfProjects = 7
		SccEnterpriseProvider = {4CA58AB2-18FA-4F8D-95D4-32DDF27D184C}
		SccTeamFoundationServer = https://paynshare.visualstudio.com/defaultcollection
		SccLocalPath0 = .
		SccProjectUniqueName1 = DAL\\Dal.csproj
		SccProjectName1 = DAL
		SccLocalPath1 = DAL
		SccProjectUniqueName2 = Translations\\Translations.csproj
		SccProjectName2 = Translations
		SccLocalPath2 = Translations
		SccProjectUniqueName3 = Bll\\Bll.csproj
		SccProjectName3 = Bll
		SccLocalPath3 = Bll
		SccProjectUniqueName4 = ResxFileGenerator\\ResxFileGenerator.csproj
		SccProjectName4 = ResxFileGenerator
		SccLocalPath4 = ResxFileGenerator
		SccProjectUniqueName5 = NewKeyEmails\\NewKeyEmails.csproj
		SccProjectName5 = NewKeyEmails
		SccLocalPath5 = NewKeyEmails
		SccProjectUniqueName6 = Utility\\Utility.csproj
		SccProjectName6 = Utility
		SccLocalPath6 = Utility
	EndGlobalSection
	GlobalSection(SolutionConfigurationPlatforms) = preSolution
		Debug|Any CPU = Debug|Any CPU
		Release|Any CPU = Release|Any CPU
	EndGlobalSection
	GlobalSection(ProjectConfigurationPlatforms) = postSolution
		{A9E1D7EE-BE7D-4917-AAE8-51B014644AE3}.Debug|Any CPU.ActiveCfg = Debug|Any CPU
		{A9E1D7EE-BE7D-4917-AAE8-51B014644AE3}.Debug|Any CPU.Build.0 = Debug|Any CPU
		{A9E1D7EE-BE7D-4917-AAE8-51B014644AE3}.Release|Any CPU.ActiveCfg = Release|Any CPU
		{A9E1D7EE-BE7D-4917-AAE8-51B014644AE3}.Release|Any CPU.Build.0 = Release|Any CPU
		{74F2BB46-D036-4852-A9F1-82F09F1C93DE}.Debug|Any CPU.ActiveCfg = Debug|Any CPU
		{74F2BB46-D036-4852-A9F1-82F09F1C93DE}.Debug|Any CPU.Build.0 = Debug|Any CPU
		{74F2BB46-D036-4852-A9F1-82F09F1C93DE}.Release|Any CPU.ActiveCfg = Release|Any CPU
		{74F2BB46-D036-4852-A9F1-82F09F1C93DE}.Release|Any CPU.Build.0 = Release|Any CPU
		{66F42244-B2DC-4294-A81F-1B82B89C89C9}.Debug|Any CPU.ActiveCfg = Debug|Any CPU
		{66F42244-B2DC-4294-A81F-1B82B89C89C9}.Debug|Any CPU.Build.0 = Debug|Any CPU
		{66F42244-B2DC-4294-A81F-1B82B89C89C9}.Release|Any CPU.ActiveCfg = Release|Any CPU
		{66F42244-B2DC-4294-A81F-1B82B89C89C9}.Release|Any CPU.Build.0 = Release|Any CPU
		{28459B6B-9896-48FB-814B-92678AE1E469}.Debug|Any CPU.ActiveCfg = Debug|Any CPU
		{28459B6B-9896-48FB-814B-92678AE1E469}.Debug|Any CPU.Build.0 = Debug|Any CPU
		{28459B6B-9896-48FB-814B-92678AE1E469}.Release|Any CPU.ActiveCfg = Release|Any CPU
		{28459B6B-9896-48FB-814B-92678AE1E469}.Release|Any CPU.Build.0 = Release|Any CPU
		{C563809B-08E6-4E4B-85F8-668CC33F0439}.Debug|Any CPU.ActiveCfg = Debug|Any CPU
		{C563809B-08E6-4E4B-85F8-668CC33F0439}.Debug|Any CPU.Build.0 = Debug|Any CPU
		{C563809B-08E6-4E4B-85F8-668CC33F0439}.Release|Any CPU.ActiveCfg = Release|Any CPU
		{C563809B-08E6-4E4B-85F8-668CC33F0439}.Release|Any CPU.Build.0 = Release|Any CPU
		{765A5D64-DE94-4DDB-91EE-97D231F24BEF}.Debug|Any CPU.ActiveCfg = Debug|Any CPU
		{765A5D64-DE94-4DDB-91EE-97D231F24BEF}.Debug|Any CPU.Build.0 = Debug|Any CPU
		{765A5D64-DE94-4DDB-91EE-97D231F24BEF}.Release|Any CPU.ActiveCfg = Release|Any CPU
		{765A5D64-DE94-4DDB-91EE-97D231F24BEF}.Release|Any CPU.Build.0 = Release|Any CPU
	EndGlobalSection
	GlobalSection(SolutionProperties) = preSolution
		HideSolutionNode = FALSE
	EndGlobalSection
EndGlobal
